
Microsoft Visual Studio Solution File, Format Version 12.00
# Visual Studio Version 16
VisualStudioVersion = 16.0.32228.343
MinimumVisualStudioVersion = 10.0.40219.1
Project("{FAE04EC0-301F-11D3-BF4B-00C04F79EFBC}") = "WebApplication2", "WebApplication2\WebApplication2.csproj", "{EFC96E42-6DB5-4C5E-91BF-D72C35AF345A}"
EndProject
Global
	GlobalSection(SolutionConfigurationPlatforms) = preSolution
		Debug|Any CPU = Debug|Any CPU
		Release|Any CPU = Release|Any CPU
	EndGlobalSection
	GlobalSection(ProjectConfigurationPlatforms) = postSolution
		{EFC96E42-6DB5-4C5E-91BF-D72C35AF345A}.Debug|Any CPU.ActiveCfg = Debug|Any CPU
		{EFC96E42-6DB5-4C5E-91BF-D72C35AF345A}.Debug|Any CPU.Build.0 = Debug|Any CPU
		{EFC96E42-6DB5-4C5E-91BF-D72C35AF345A}.Release|Any CPU.ActiveCfg = Release|Any CPU
		{EFC96E42-6DB5-4C5E-91BF-D72C35AF345A}.Release|Any CPU.Build.0 = Release|Any CPU
	EndGlobalSection
	GlobalSection(SolutionProperties) = preSolution
		HideSolutionNode = FALSE
	EndGlobalSection
	GlobalSection(ExtensibilityGlobals) = postSolution
		SolutionGuid = {CFA3F66A-D066-46A9-9462-770E022AE2E2}
	EndGlobalSection
EndGlobal
